
Microsoft Visual Studio Solution File, Format Version 12.00
# Visual Studio Version 17
VisualStudioVersion = 17.5.002.0
MinimumVisualStudioVersion = 10.0.40219.1
Project("{9A19103F-16F7-4668-BE54-9A1E7A4F7556}") = "punto4", "Ciclo del 0 al 1000, incremento de 5 en 5\punto4.csproj", "{94A13918-C3CB-4848-8129-3CAEA2416DC7}"
EndProject
Project("{9A19103F-16F7-4668-BE54-9A1E7A4F7556}") = "punto1", "Ciclo del 1 al 100\punto1.csproj", "{59765936-48D2-4BF5-A54D-C424660F550E}"
EndProject
Project("{9A19103F-16F7-4668-BE54-9A1E7A4F7556}") = "punto2", "Ciclo del 500 al 1\punto2.csproj", "{614452A0-225B-4F88-ACA4-60E0E9ED5F38}"
EndProject
Project("{9A19103F-16F7-4668-BE54-9A1E7A4F7556}") = "punto5", "Ciclo descendiente\punto5.csproj", "{3F6EEC62-F176-483F-AC29-9D922045AC52}"
EndProject
Project("{9A19103F-16F7-4668-BE54-9A1E7A4F7556}") = "punto3", "Num impares del 1 al 100\punto3.csproj", "{F3A76186-41B1-4351-9C33-EC4C58D0FC82}"
EndProject
Project("{9A19103F-16F7-4668-BE54-9A1E7A4F7556}") = "punto7", "Num Mayor que\punto7.csproj", "{D3162DD7-3530-4855-B0B7-917A28C2DEC5}"
EndProject
Project("{9A19103F-16F7-4668-BE54-9A1E7A4F7556}") = "punto6", "Num Multiplicado por 5\punto6.csproj", "{13A42237-EA23-42DC-A560-A18F257E087E}"
EndProject
Global
	GlobalSection(SolutionConfigurationPlatforms) = preSolution
		Debug|Any CPU = Debug|Any CPU
		Release|Any CPU = Release|Any CPU
	EndGlobalSection
	GlobalSection(ProjectConfigurationPlatforms) = postSolution
		{94A13918-C3CB-4848-8129-3CAEA2416DC7}.Debug|Any CPU.ActiveCfg = Debug|Any CPU
		{94A13918-C3CB-4848-8129-3CAEA2416DC7}.Debug|Any CPU.Build.0 = Debug|Any CPU
		{94A13918-C3CB-4848-8129-3CAEA2416DC7}.Release|Any CPU.ActiveCfg = Release|Any CPU
		{94A13918-C3CB-4848-8129-3CAEA2416DC7}.Release|Any CPU.Build.0 = Release|Any CPU
		{59765936-48D2-4BF5-A54D-C424660F550E}.Debug|Any CPU.ActiveCfg = Debug|Any CPU
		{59765936-48D2-4BF5-A54D-C424660F550E}.Debug|Any CPU.Build.0 = Debug|Any CPU
		{59765936-48D2-4BF5-A54D-C424660F550E}.Release|Any CPU.ActiveCfg = Release|Any CPU
		{59765936-48D2-4BF5-A54D-C424660F550E}.Release|Any CPU.Build.0 = Release|Any CPU
		{614452A0-225B-4F88-ACA4-60E0E9ED5F38}.Debug|Any CPU.ActiveCfg = Debug|Any CPU
		{614452A0-225B-4F88-ACA4-60E0E9ED5F38}.Debug|Any CPU.Build.0 = Debug|Any CPU
		{614452A0-225B-4F88-ACA4-60E0E9ED5F38}.Release|Any CPU.ActiveCfg = Release|Any CPU
		{614452A0-225B-4F88-ACA4-60E0E9ED5F38}.Release|Any CPU.Build.0 = Release|Any CPU
		{3F6EEC62-F176-483F-AC29-9D922045AC52}.Debug|Any CPU.ActiveCfg = Debug|Any CPU
		{3F6EEC62-F176-483F-AC29-9D922045AC52}.Debug|Any CPU.Build.0 = Debug|Any CPU
		{3F6EEC62-F176-483F-AC29-9D922045AC52}.Release|Any CPU.ActiveCfg = Release|Any CPU
		{3F6EEC62-F176-483F-AC29-9D922045AC52}.Release|Any CPU.Build.0 = Release|Any CPU
		{F3A76186-41B1-4351-9C33-EC4C58D0FC82}.Debug|Any CPU.ActiveCfg = Debug|Any CPU
		{F3A76186-41B1-4351-9C33-EC4C58D0FC82}.Debug|Any CPU.Build.0 = Debug|Any CPU
		{F3A76186-41B1-4351-9C33-EC4C58D0FC82}.Release|Any CPU.ActiveCfg = Release|Any CPU
		{F3A76186-41B1-4351-9C33-EC4C58D0FC82}.Release|Any CPU.Build.0 = Release|Any CPU
		{D3162DD7-3530-4855-B0B7-917A28C2DEC5}.Debug|Any CPU.ActiveCfg = Debug|Any CPU
		{D3162DD7-3530-4855-B0B7-917A28C2DEC5}.Debug|Any CPU.Build.0 = Debug|Any CPU
		{D3162DD7-3530-4855-B0B7-917A28C2DEC5}.Release|Any CPU.ActiveCfg = Release|Any CPU
		{D3162DD7-3530-4855-B0B7-917A28C2DEC5}.Release|Any CPU.Build.0 = Release|Any CPU
		{13A42237-EA23-42DC-A560-A18F257E087E}.Debug|Any CPU.ActiveCfg = Debug|Any CPU
		{13A42237-EA23-42DC-A560-A18F257E087E}.Debug|Any CPU.Build.0 = Debug|Any CPU
		{13A42237-EA23-42DC-A560-A18F257E087E}.Release|Any CPU.ActiveCfg = Release|Any CPU
		{13A42237-EA23-42DC-A560-A18F257E087E}.Release|Any CPU.Build.0 = Release|Any CPU
	EndGlobalSection
	GlobalSection(SolutionProperties) = preSolution
		HideSolutionNode = FALSE
	EndGlobalSection
	GlobalSection(ExtensibilityGlobals) = postSolution
		SolutionGuid = {4AEDCA4E-A130-4569-912E-83BCD8A72CCD}
	EndGlobalSection
EndGlobal
